// !$*UTF8*$!
{
	archiveVersion = 1;
	classes = {
	};
	objectVersion = 46;
	objects = {

/* Begin PBXBuildFile section */
		2EB95CB7134F35C10011C28B /* MailCore.framework in Frameworks */ = {isa = PBXBuildFile; fileRef = 2EB95CB6134F35C10011C28B /* MailCore.framework */; };
		2EB95D7D134F38650011C28B /* MailCore.framework in Copy Frameworks */ = {isa = PBXBuildFile; fileRef = 2EB95CB6134F35C10011C28B /* MailCore.framework */; };
		2EB95DA3134F3D460011C28B /* Mail.scpt in Resources */ = {isa = PBXBuildFile; fileRef = 2EB95DA2134F3D2B0011C28B /* Mail.scpt */; };
		2EBE6C091350F99C00C71301 /* Drafts.icns in Resources */ = {isa = PBXBuildFile; fileRef = 2EBE6C051350F99C00C71301 /* Drafts.icns */; };
		2EBE6C0A1350F99C00C71301 /* Junk.icns in Resources */ = {isa = PBXBuildFile; fileRef = 2EBE6C061350F99C00C71301 /* Junk.icns */; };
		2EBE6C0B1350F99C00C71301 /* Out.icns in Resources */ = {isa = PBXBuildFile; fileRef = 2EBE6C081350F99C00C71301 /* Out.icns */; };
		2EBE6C0F1350F9B400C71301 /* Sent.icns in Resources */ = {isa = PBXBuildFile; fileRef = 2EBE6C0E1350F9B400C71301 /* Sent.icns */; };
		7F3D846C07D76BAE00A1B6A7 /* QSMailMediator.h in Resources */ = {isa = PBXBuildFile; fileRef = 7F3D846B07D76BAE00A1B6A7 /* QSMailMediator.h */; };
		8D1AC9700486D14A00FE50C9 /* Cocoa.framework in Frameworks */ = {isa = PBXBuildFile; fileRef = DD92D38A0106425D02CA0E72 /* Cocoa.framework */; };
		D409AC2C15656B4C00D4D364 /* ScriptingBridge.framework in Frameworks */ = {isa = PBXBuildFile; fileRef = D409AC2915656B2800D4D364 /* ScriptingBridge.framework */; };
		D409AC2D15656B6F00D4D364 /* Mail.app in Sources */ = {isa = PBXBuildFile; fileRef = D453F01B15656A39008B9911 /* Mail.app */; };
		D409AC3415656DF500D4D364 /* QSUnreadMailSource.m in Sources */ = {isa = PBXBuildFile; fileRef = D409AC3315656DF500D4D364 /* QSUnreadMailSource.m */; };
		E1C9DC1907099B11001BB625 /* QSAppleMailMediator.h in Resources */ = {isa = PBXBuildFile; fileRef = E1C9DC1707099B11001BB625 /* QSAppleMailMediator.h */; };
		E1C9DC1A07099B11001BB625 /* QSAppleMailMediator.m in Sources */ = {isa = PBXBuildFile; fileRef = E1C9DC1807099B11001BB625 /* QSAppleMailMediator.m */; };
		E1C9DC1F07099B19001BB625 /* QSAppleMailPlugIn_Source.h in Resources */ = {isa = PBXBuildFile; fileRef = E1C9DC1D07099B19001BB625 /* QSAppleMailPlugIn_Source.h */; };
		E1C9DC2007099B19001BB625 /* QSAppleMailPlugIn_Source.m in Sources */ = {isa = PBXBuildFile; fileRef = E1C9DC1E07099B19001BB625 /* QSAppleMailPlugIn_Source.m */; };
		E1C9DC2707099B27001BB625 /* Scripts in Resources */ = {isa = PBXBuildFile; fileRef = E1C9DC2307099B27001BB625 /* Scripts */; };
		E1C9DCEE0709A6FB001BB625 /* QSAppleMailPlugIn_Action.h in Resources */ = {isa = PBXBuildFile; fileRef = E1C9DCEC0709A6FB001BB625 /* QSAppleMailPlugIn_Action.h */; };
		E1C9DCEF0709A6FB001BB625 /* QSAppleMailPlugIn_Action.m in Sources */ = {isa = PBXBuildFile; fileRef = E1C9DCED0709A6FB001BB625 /* QSAppleMailPlugIn_Action.m */; };
/* End PBXBuildFile section */

/* Begin PBXBuildRule section */
		D409AC2E15656B8000D4D364 /* PBXBuildRule */ = {
			isa = PBXBuildRule;
			compilerSpec = com.apple.compilers.proxy.script;
			filePatterns = "*.app";
			fileType = pattern.proxy;
			isEditable = 1;
			outputFiles = (
				"$(DERIVED_FILES_DIR)/$(INPUT_FILE_BASE).h",
			);
			script = "sdef \"$INPUT_FILE_PATH\" | sdp -fh -o \"$DERIVED_FILES_DIR\" --basename \"$INPUT_FILE_BASE\" --bundleid `defaults read \"$INPUT_FILE_PATH/Contents/Info\" CFBundleIdentifier`";
		};
/* End PBXBuildRule section */

/* Begin PBXCopyFilesBuildPhase section */
		2EB95D82134F386C0011C28B /* Copy Frameworks */ = {
			isa = PBXCopyFilesBuildPhase;
			buildActionMask = 2147483647;
			dstPath = "";
			dstSubfolderSpec = 10;
			files = (
				2EB95D7D134F38650011C28B /* MailCore.framework in Copy Frameworks */,
			);
			name = "Copy Frameworks";
			runOnlyForDeploymentPostprocessing = 0;
		};
/* End PBXCopyFilesBuildPhase section */

/* Begin PBXFileReference section */
		14A8D20610CE5956003857E3 /* Common.xcconfig */ = {isa = PBXFileReference; fileEncoding = 4; lastKnownFileType = text.xcconfig; path = Common.xcconfig; sourceTree = "<group>"; };
		14A8D20710CE5956003857E3 /* Debug.xcconfig */ = {isa = PBXFileReference; fileEncoding = 4; lastKnownFileType = text.xcconfig; path = Debug.xcconfig; sourceTree = "<group>"; };
		14A8D20810CE5956003857E3 /* Developer.xcconfig */ = {isa = PBXFileReference; fileEncoding = 4; lastKnownFileType = text.xcconfig; path = Developer.xcconfig; sourceTree = "<group>"; };
		14A8D20C10CE5956003857E3 /* QSPlugIn.xcconfig */ = {isa = PBXFileReference; fileEncoding = 4; lastKnownFileType = text.xcconfig; path = QSPlugIn.xcconfig; sourceTree = "<group>"; };
		14A8D20D10CE5956003857E3 /* Release.xcconfig */ = {isa = PBXFileReference; fileEncoding = 4; lastKnownFileType = text.xcconfig; path = Release.xcconfig; sourceTree = "<group>"; };
		2EB95CB6134F35C10011C28B /* MailCore.framework */ = {isa = PBXFileReference; lastKnownFileType = wrapper.framework; path = MailCore.framework; sourceTree = "<group>"; };
		2EB95DA2134F3D2B0011C28B /* Mail.scpt */ = {isa = PBXFileReference; fileEncoding = 4; lastKnownFileType = sourcecode.scpt; path = Mail.scpt; sourceTree = "<group>"; };
		2EBE6C051350F99C00C71301 /* Drafts.icns */ = {isa = PBXFileReference; lastKnownFileType = image.icns; path = Drafts.icns; sourceTree = "<group>"; };
		2EBE6C061350F99C00C71301 /* Junk.icns */ = {isa = PBXFileReference; lastKnownFileType = image.icns; path = Junk.icns; sourceTree = "<group>"; };
		2EBE6C081350F99C00C71301 /* Out.icns */ = {isa = PBXFileReference; lastKnownFileType = image.icns; path = Out.icns; sourceTree = "<group>"; };
		2EBE6C0E1350F9B400C71301 /* Sent.icns */ = {isa = PBXFileReference; lastKnownFileType = image.icns; path = Sent.icns; sourceTree = "<group>"; };
		7F3D846B07D76BAE00A1B6A7 /* QSMailMediator.h */ = {isa = PBXFileReference; fileEncoding = 30; lastKnownFileType = sourcecode.c.h; name = QSMailMediator.h; path = ../elements.support.mail/QSMailMediator.h; sourceTree = SOURCE_ROOT; };
		8D1AC9730486D14A00FE50C9 /* Info.plist */ = {isa = PBXFileReference; fileEncoding = 4; lastKnownFileType = text.plist; path = Info.plist; sourceTree = "<group>"; };
		8D1AC9740486D14A00FE50C9 /* Apple Mail Plugin.qsplugin */ = {isa = PBXFileReference; explicitFileType = wrapper.cfbundle; includeInIndex = 0; path = "Apple Mail Plugin.qsplugin"; sourceTree = BUILT_PRODUCTS_DIR; };
		D409AC2915656B2800D4D364 /* ScriptingBridge.framework */ = {isa = PBXFileReference; lastKnownFileType = wrapper.framework; name = ScriptingBridge.framework; path = System/Library/Frameworks/ScriptingBridge.framework; sourceTree = SDKROOT; };
		D409AC3215656DF500D4D364 /* QSUnreadMailSource.h */ = {isa = PBXFileReference; fileEncoding = 4; lastKnownFileType = sourcecode.c.h; path = QSUnreadMailSource.h; sourceTree = "<group>"; };
		D409AC3315656DF500D4D364 /* QSUnreadMailSource.m */ = {isa = PBXFileReference; fileEncoding = 4; lastKnownFileType = sourcecode.c.objc; path = QSUnreadMailSource.m; sourceTree = "<group>"; };
		D453F01B15656A39008B9911 /* Mail.app */ = {isa = PBXFileReference; lastKnownFileType = folder; name = Mail.app; path = /Applications/Mail.app; sourceTree = "<absolute>"; };
		DD92D38A0106425D02CA0E72 /* Cocoa.framework */ = {isa = PBXFileReference; lastKnownFileType = wrapper.framework; name = Cocoa.framework; path = /System/Library/Frameworks/Cocoa.framework; sourceTree = "<absolute>"; };
		E1C9DC1707099B11001BB625 /* QSAppleMailMediator.h */ = {isa = PBXFileReference; fileEncoding = 30; lastKnownFileType = sourcecode.c.h; path = QSAppleMailMediator.h; sourceTree = "<group>"; };
		E1C9DC1807099B11001BB625 /* QSAppleMailMediator.m */ = {isa = PBXFileReference; fileEncoding = 30; lastKnownFileType = sourcecode.c.objc; path = QSAppleMailMediator.m; sourceTree = "<group>"; };
		E1C9DC1D07099B19001BB625 /* QSAppleMailPlugIn_Source.h */ = {isa = PBXFileReference; fileEncoding = 30; lastKnownFileType = sourcecode.c.h; path = QSAppleMailPlugIn_Source.h; sourceTree = "<group>"; };
		E1C9DC1E07099B19001BB625 /* QSAppleMailPlugIn_Source.m */ = {isa = PBXFileReference; fileEncoding = 30; lastKnownFileType = sourcecode.c.objc; path = QSAppleMailPlugIn_Source.m; sourceTree = "<group>"; };
		E1C9DC2307099B27001BB625 /* Scripts */ = {isa = PBXFileReference; lastKnownFileType = folder; path = Scripts; sourceTree = "<group>"; };
		E1C9DCEC0709A6FB001BB625 /* QSAppleMailPlugIn_Action.h */ = {isa = PBXFileReference; fileEncoding = 30; lastKnownFileType = sourcecode.c.h; path = QSAppleMailPlugIn_Action.h; sourceTree = "<group>"; };
		E1C9DCED0709A6FB001BB625 /* QSAppleMailPlugIn_Action.m */ = {isa = PBXFileReference; fileEncoding = 30; lastKnownFileType = sourcecode.c.objc; path = QSAppleMailPlugIn_Action.m; sourceTree = "<group>"; };
/* End PBXFileReference section */

/* Begin PBXFrameworksBuildPhase section */
		8D1AC96E0486D14A00FE50C9 /* Frameworks */ = {
			isa = PBXFrameworksBuildPhase;
			buildActionMask = 2147483647;
			files = (
				8D1AC9700486D14A00FE50C9 /* Cocoa.framework in Frameworks */,
				2EB95CB7134F35C10011C28B /* MailCore.framework in Frameworks */,
				D409AC2C15656B4C00D4D364 /* ScriptingBridge.framework in Frameworks */,
			);
			runOnlyForDeploymentPostprocessing = 0;
		};
/* End PBXFrameworksBuildPhase section */

/* Begin PBXGroup section */
		0259C574FE90428111CA0C5A /* QSAppleMailPlugIn */ = {
			isa = PBXGroup;
			children = (
				7FE7D3140D1EFF610043A815 /* Configuration */,
				32DBCF9E0370C38000C91783 /* Classes */,
				0259C582FE90428111CA0C5A /* Resources */,
				1ED78706FE9D4A0611CA0C5A /* Products */,
				2E58F364FFB232C311CA0CBA /* Frameworks */,
			);
			name = QSAppleMailPlugIn;
			sourceTree = "<group>";
		};
		0259C582FE90428111CA0C5A /* Resources */ = {
			isa = PBXGroup;
			children = (
				D453F01B15656A39008B9911 /* Mail.app */,
				E1C9DC2307099B27001BB625 /* Scripts */,
				2EBE6C051350F99C00C71301 /* Drafts.icns */,
				2EBE6C061350F99C00C71301 /* Junk.icns */,
				2EBE6C081350F99C00C71301 /* Out.icns */,
				2EBE6C0E1350F9B400C71301 /* Sent.icns */,
				8D1AC9730486D14A00FE50C9 /* Info.plist */,
				2EB95DA2134F3D2B0011C28B /* Mail.scpt */,
			);
			name = Resources;
			sourceTree = "<group>";
		};
		1ED78706FE9D4A0611CA0C5A /* Products */ = {
			isa = PBXGroup;
			children = (
				8D1AC9740486D14A00FE50C9 /* Apple Mail Plugin.qsplugin */,
			);
			name = Products;
			sourceTree = "<group>";
		};
		2E58F364FFB232C311CA0CBA /* Frameworks */ = {
			isa = PBXGroup;
			children = (
				DD92D38A0106425D02CA0E72 /* Cocoa.framework */,
				D409AC2915656B2800D4D364 /* ScriptingBridge.framework */,
				2EB95CB6134F35C10011C28B /* MailCore.framework */,
			);
			name = Frameworks;
			sourceTree = "<group>";
		};
		32DBCF9E0370C38000C91783 /* Classes */ = {
			isa = PBXGroup;
			children = (
				7F3D846B07D76BAE00A1B6A7 /* QSMailMediator.h */,
				E1C9DC1707099B11001BB625 /* QSAppleMailMediator.h */,
				E1C9DC1807099B11001BB625 /* QSAppleMailMediator.m */,
				E1C9DCEC0709A6FB001BB625 /* QSAppleMailPlugIn_Action.h */,
				E1C9DCED0709A6FB001BB625 /* QSAppleMailPlugIn_Action.m */,
				E1C9DC1D07099B19001BB625 /* QSAppleMailPlugIn_Source.h */,
				E1C9DC1E07099B19001BB625 /* QSAppleMailPlugIn_Source.m */,
				D409AC3215656DF500D4D364 /* QSUnreadMailSource.h */,
				D409AC3315656DF500D4D364 /* QSUnreadMailSource.m */,
			);
			name = Classes;
			sourceTree = "<group>";
		};
		7FE7D3140D1EFF610043A815 /* Configuration */ = {
			isa = PBXGroup;
			children = (
				14A8D20610CE5956003857E3 /* Common.xcconfig */,
				14A8D20710CE5956003857E3 /* Debug.xcconfig */,
				14A8D20810CE5956003857E3 /* Developer.xcconfig */,
				14A8D20C10CE5956003857E3 /* QSPlugIn.xcconfig */,
				14A8D20D10CE5956003857E3 /* Release.xcconfig */,
			);
			name = Configuration;
			path = /private/tmp/QS/Configuration;
			sourceTree = "<absolute>";
		};
/* End PBXGroup section */

/* Begin PBXNativeTarget section */
		8D1AC9600486D14A00FE50C9 /* Apple Mail */ = {
			isa = PBXNativeTarget;
			buildConfigurationList = 7F07AF26085E432A00E2AFC4 /* Build configuration list for PBXNativeTarget "Apple Mail" */;
			buildPhases = (
				8D1AC9660486D14A00FE50C9 /* Resources */,
				2EB95D82134F386C0011C28B /* Copy Frameworks */,
				8D1AC96A0486D14A00FE50C9 /* Sources */,
				8D1AC96E0486D14A00FE50C9 /* Frameworks */,
				2EB95D5C134F35E00011C28B /* Adjust MailCore Path */,
				E1022B2806B3475D00299BEC /* ShellScript */,
			);
			buildRules = (
				D409AC2E15656B8000D4D364 /* PBXBuildRule */,
			);
			dependencies = (
			);
			name = "Apple Mail";
			productInstallPath = "$(HOME)/Developer/Palettes";
			productName = QSAppleMailPlugIn;
			productReference = 8D1AC9740486D14A00FE50C9 /* Apple Mail Plugin.qsplugin */;
			productType = "com.apple.product-type.bundle";
		};
/* End PBXNativeTarget section */

/* Begin PBXProject section */
		0259C573FE90428111CA0C5A /* Project object */ = {
			isa = PBXProject;
			attributes = {
				LastUpgradeCheck = 0430;
			};
			buildConfigurationList = 7F07AF2A085E432A00E2AFC4 /* Build configuration list for PBXProject "AppleMailElement" */;
			compatibilityVersion = "Xcode 3.2";
			developmentRegion = English;
			hasScannedForEncodings = 1;
			knownRegions = (
				English,
				Japanese,
				French,
				German,
			);
			mainGroup = 0259C574FE90428111CA0C5A /* QSAppleMailPlugIn */;
			projectDirPath = "";
			projectRoot = "";
			targets = (
				8D1AC9600486D14A00FE50C9 /* Apple Mail */,
			);
		};
/* End PBXProject section */

/* Begin PBXResourcesBuildPhase section */
		8D1AC9660486D14A00FE50C9 /* Resources */ = {
			isa = PBXResourcesBuildPhase;
			buildActionMask = 2147483647;
			files = (
				E1C9DC1907099B11001BB625 /* QSAppleMailMediator.h in Resources */,
				E1C9DC1F07099B19001BB625 /* QSAppleMailPlugIn_Source.h in Resources */,
				E1C9DCEE0709A6FB001BB625 /* QSAppleMailPlugIn_Action.h in Resources */,
				7F3D846C07D76BAE00A1B6A7 /* QSMailMediator.h in Resources */,
				E1C9DC2707099B27001BB625 /* Scripts in Resources */,
				2EB95DA3134F3D460011C28B /* Mail.scpt in Resources */,
				2EBE6C091350F99C00C71301 /* Drafts.icns in Resources */,
				2EBE6C0A1350F99C00C71301 /* Junk.icns in Resources */,
				2EBE6C0B1350F99C00C71301 /* Out.icns in Resources */,
				2EBE6C0F1350F9B400C71301 /* Sent.icns in Resources */,
			);
			runOnlyForDeploymentPostprocessing = 0;
		};
/* End PBXResourcesBuildPhase section */

/* Begin PBXShellScriptBuildPhase section */
		2EB95D5C134F35E00011C28B /* Adjust MailCore Path */ = {
			isa = PBXShellScriptBuildPhase;
			buildActionMask = 2147483647;
			comments = "Fixing problem with wrong framework path. See:\nhttps://answers.launchpad.net/sparkle/+question/37125";
			files = (
			);
			inputPaths = (
			);
			name = "Adjust MailCore Path";
			outputPaths = (
			);
			runOnlyForDeploymentPostprocessing = 0;
			shellPath = /bin/sh;
			shellScript = "install_name_tool -change \\\n \"@executable_path/../Frameworks/MailCore.framework/Versions/A/MailCore\" \\\n \"@loader_path/../Frameworks/MailCore.framework/Versions/A/MailCore\" \\\n \"$INSTALL_DIR/$EXECUTABLE_PATH\"";
		};
		E1022B2806B3475D00299BEC /* ShellScript */ = {
			isa = PBXShellScriptBuildPhase;
			buildActionMask = 8;
			files = (
			);
			inputPaths = (
			);
			outputPaths = (
			);
			runOnlyForDeploymentPostprocessing = 1;
			shellPath = /bin/sh;
			shellScript = "$SRCROOT/bltrversion $INFOPLIST_FILE";
		};
/* End PBXShellScriptBuildPhase section */

/* Begin PBXSourcesBuildPhase section */
		8D1AC96A0486D14A00FE50C9 /* Sources */ = {
			isa = PBXSourcesBuildPhase;
			buildActionMask = 2147483647;
			files = (
				D409AC2D15656B6F00D4D364 /* Mail.app in Sources */,
				E1C9DC1A07099B11001BB625 /* QSAppleMailMediator.m in Sources */,
				E1C9DC2007099B19001BB625 /* QSAppleMailPlugIn_Source.m in Sources */,
				E1C9DCEF0709A6FB001BB625 /* QSAppleMailPlugIn_Action.m in Sources */,
				D409AC3415656DF500D4D364 /* QSUnreadMailSource.m in Sources */,
			);
			runOnlyForDeploymentPostprocessing = 0;
		};
/* End PBXSourcesBuildPhase section */

/* Begin XCBuildConfiguration section */
		7F07AF28085E432A00E2AFC4 /* Release */ = {
			isa = XCBuildConfiguration;
			baseConfigurationReference = 14A8D20C10CE5956003857E3 /* QSPlugIn.xcconfig */;
			buildSettings = {
				FRAMEWORK_SEARCH_PATHS = (
					/System/Library/PrivateFrameworks,
					"$(BUILT_PRODUCTS_DIR)",
					"$(SRCROOT)",
				);
				PRODUCT_NAME = "Apple Mail Plugin";
			};
			name = Release;
		};
		7F07AF2C085E432A00E2AFC4 /* Release */ = {
			isa = XCBuildConfiguration;
			baseConfigurationReference = 14A8D20D10CE5956003857E3 /* Release.xcconfig */;
			buildSettings = {
			};
			name = Release;
		};
		7FE2FB380C55A2E0009CCF17 /* Debug */ = {
			isa = XCBuildConfiguration;
			baseConfigurationReference = 14A8D20710CE5956003857E3 /* Debug.xcconfig */;
			buildSettings = {
			};
			name = Debug;
		};
		7FE2FB390C55A2E0009CCF17 /* Debug */ = {
			isa = XCBuildConfiguration;
			baseConfigurationReference = 14A8D20C10CE5956003857E3 /* QSPlugIn.xcconfig */;
			buildSettings = {
				FRAMEWORK_SEARCH_PATHS = (
					/System/Library/PrivateFrameworks,
					"$(BUILT_PRODUCTS_DIR)",
					"$(SRCROOT)",
				);
				PRODUCT_NAME = "Apple Mail Plugin";
			};
			name = Debug;
		};
/* End XCBuildConfiguration section */

/* Begin XCConfigurationList section */
		7F07AF26085E432A00E2AFC4 /* Build configuration list for PBXNativeTarget "Apple Mail" */ = {
			isa = XCConfigurationList;
			buildConfigurations = (
				7F07AF28085E432A00E2AFC4 /* Release */,
				7FE2FB390C55A2E0009CCF17 /* Debug */,
			);
			defaultConfigurationIsVisible = 0;
			defaultConfigurationName = Debug;
		};
		7F07AF2A085E432A00E2AFC4 /* Build configuration list for PBXProject "AppleMailElement" */ = {
			isa = XCConfigurationList;
			buildConfigurations = (
				7F07AF2C085E432A00E2AFC4 /* Release */,
				7FE2FB380C55A2E0009CCF17 /* Debug */,
			);
			defaultConfigurationIsVisible = 0;
			defaultConfigurationName = Debug;
		};
/* End XCConfigurationList section */
	};
	rootObject = 0259C573FE90428111CA0C5A /* Project object */;
}
